
Microsoft Visual Studio Solution File, Format Version 12.00
# Visual Studio Version 17
VisualStudioVersion = 17.10.35122.118
MinimumVisualStudioVersion = 10.0.40219.1
Project("{9A19103F-16F7-4668-BE54-9A1E7A4F7556}") = "MessageChatApp", "MessageChatApp\MessageChatApp.csproj", "{F00243B1-9577-4C8A-90A9-8851D69F2D2A}"
EndProject
Global
	GlobalSection(SolutionConfigurationPlatforms) = preSolution
		Debug|Any CPU = Debug|Any CPU
		Release|Any CPU = Release|Any CPU
	EndGlobalSection
	GlobalSection(ProjectConfigurationPlatforms) = postSolution
		{F00243B1-9577-4C8A-90A9-8851D69F2D2A}.Debug|Any CPU.ActiveCfg = Debug|Any CPU
		{F00243B1-9577-4C8A-90A9-8851D69F2D2A}.Debug|Any CPU.Build.0 = Debug|Any CPU
		{F00243B1-9577-4C8A-90A9-8851D69F2D2A}.Release|Any CPU.ActiveCfg = Release|Any CPU
		{F00243B1-9577-4C8A-90A9-8851D69F2D2A}.Release|Any CPU.Build.0 = Release|Any CPU
	EndGlobalSection
	GlobalSection(SolutionProperties) = preSolution
		HideSolutionNode = FALSE
	EndGlobalSection
	GlobalSection(ExtensibilityGlobals) = postSolution
		SolutionGuid = {580A0ACA-78B3-40DE-9A8E-2B248D161161}
	EndGlobalSection
EndGlobal
